<?xml version="1.0" encoding="utf-8"?>
<Project ToolsVersion="4.0" xmlns="http://schemas.microsoft.com/developer/msbuild/2003">
  <ItemGroup>
    <Filter Include="alignment">
      <UniqueIdentifier>{93995380-89BD-4b04-88EB-625FBE52EBFB}</UniqueIdentifier>
      <Extensions>h;hpp;hxx;hm;inl;inc;xsd</Extensions>
    </Filter>
    <Filter Include="run">
      <UniqueIdentifier>{67DA6AB6-F800-4c08-8B7A-83BB121AAD01}</UniqueIdentifier>
      <Extensions>rc;ico;cur;bmp;dlg;rc2;rct;bin;rgs;gif;jpg;jpeg;jpe;resx;tiff;tif;png;wav;mfcribbon-ms</Extensions>
    </Filter>
    <Filter Include="recognition">
      <UniqueIdentifier>{4FC737F1-C7A5-4376-A066-2A32D752A2FF}</UniqueIdentifier>
      <Extensions>cpp;c;cc;cxx;def;odl;idl;hpj;bat;asm;asmx</Extensions>
    </Filter>
    <Filter Include="skinFilter">
      <UniqueIdentifier>{f713b13b-7952-4554-9d47-a26c31819bee}</UniqueIdentifier>
    </Filter>
    <Filter Include="MultiThread">
      <UniqueIdentifier>{66a304e6-bb92-4d3b-8591-a9c6f6de3875}</UniqueIdentifier>
    </Filter>
    <Filter Include="high-dimensional-LBP">
      <UniqueIdentifier>{fa404877-2ba8-410c-909b-9b8cef9ebecf}</UniqueIdentifier>
    </Filter>
    <Filter Include="preprocess">
      <UniqueIdentifier>{ad6f636a-b621-4f3c-9d9f-45c420cc845d}</UniqueIdentifier>
    </Filter>
  </ItemGroup>
  <ItemGroup>
    <ClCompile Include="align.cpp">
      <Filter>alignment</Filter>
    </ClCompile>
    <ClCompile Include="flandmark_detector.cpp">
      <Filter>alignment</Filter>
    </ClCompile>
    <ClCompile Include="Illumination.cpp">
      <Filter>alignment</Filter>
    </ClCompile>
    <ClCompile Include="liblbp.cpp">
      <Filter>alignment</Filter>
    </ClCompile>
    <ClCompile Include="linreg.cpp">
      <Filter>alignment</Filter>
    </ClCompile>
    <ClCompile Include="main.cpp">
      <Filter>run</Filter>
    </ClCompile>
    <ClCompile Include="LBPHFaceRecognizer.cpp">
      <Filter>recognition</Filter>
    </ClCompile>
    <ClCompile Include="main_classify.cpp">
      <Filter>run</Filter>
    </ClCompile>
    <ClCompile Include="SkinDetection.cpp">
      <Filter>skinFilter</Filter>
    </ClCompile>
    <ClCompile Include="main_skin_cover_rate.cpp">
      <Filter>run</Filter>
    </ClCompile>
    <ClCompile Include="multi_thread.cpp">
      <Filter>MultiThread</Filter>
    </ClCompile>
    <ClCompile Include="LBPFeatureExtractor.cpp">
      <Filter>high-dimensional-LBP</Filter>
    </ClCompile>
    <ClCompile Include="cmd_main.cpp">
      <Filter>run</Filter>
    </ClCompile>
    <ClCompile Include="multiScalePreprocess.cpp">
      <Filter>preprocess</Filter>
    </ClCompile>
  </ItemGroup>
  <ItemGroup>
    <ClInclude Include="align.h">
      <Filter>alignment</Filter>
    </ClInclude>
    <ClInclude Include="flandmark_detector.h">
      <Filter>alignment</Filter>
    </ClInclude>
    <ClInclude Include="Illumination.h">
      <Filter>alignment</Filter>
    </ClInclude>
    <ClInclude Include="liblbp.h">
      <Filter>alignment</Filter>
    </ClInclude>
    <ClInclude Include="linreg.h">
      <Filter>alignment</Filter>
    </ClInclude>
    <ClInclude Include="msvc-compat.h">
      <Filter>alignment</Filter>
    </ClInclude>
    <ClInclude Include="LBPHFaceRecognizer.h">
      <Filter>recognition</Filter>
    </ClInclude>
    <ClInclude Include="resource.h">
      <Filter>alignment</Filter>
    </ClInclude>
    <ClInclude Include="SkinDetection.h">
      <Filter>skinFilter</Filter>
    </ClInclude>
    <ClInclude Include="LBPFeatureExtractor.h">
      <Filter>high-dimensional-LBP</Filter>
    </ClInclude>
    <ClInclude Include="multiScalePreprocess.h">
      <Filter>preprocess</Filter>
    </ClInclude>
  </ItemGroup>
</Project>